
Microsoft Visual Studio Solution File, Format Version 12.00
# Visual Studio Version 17
VisualStudioVersion = 17.5.33414.496
MinimumVisualStudioVersion = 10.0.40219.1
Project("{FAE04EC0-301F-11D3-BF4B-00C04F79EFBC}") = "HW11 GDI+", "HW11 GDI+\HW11 GDI+.csproj", "{10742BD3-B469-4B72-B790-CA20AAB4C1A1}"
EndProject
Global
	GlobalSection(SolutionConfigurationPlatforms) = preSolution
		Debug|Any CPU = Debug|Any CPU
		Release|Any CPU = Release|Any CPU
	EndGlobalSection
	GlobalSection(ProjectConfigurationPlatforms) = postSolution
		{10742BD3-B469-4B72-B790-CA20AAB4C1A1}.Debug|Any CPU.ActiveCfg = Debug|Any CPU
		{10742BD3-B469-4B72-B790-CA20AAB4C1A1}.Debug|Any CPU.Build.0 = Debug|Any CPU
		{10742BD3-B469-4B72-B790-CA20AAB4C1A1}.Release|Any CPU.ActiveCfg = Release|Any CPU
		{10742BD3-B469-4B72-B790-CA20AAB4C1A1}.Release|Any CPU.Build.0 = Release|Any CPU
	EndGlobalSection
	GlobalSection(SolutionProperties) = preSolution
		HideSolutionNode = FALSE
	EndGlobalSection
	GlobalSection(ExtensibilityGlobals) = postSolution
		SolutionGuid = {452827F1-285C-4823-BFDB-826B8EB7EE6F}
	EndGlobalSection
EndGlobal
